Microsoft Visual Studio Solution File, Format Version 12.00
# Visual Studio Version 17
VisualStudioVersion = 17.5.2.0
MinimumVisualStudioVersion = 10.0.40219.1
Project("{FAE04EC0-301F-11D3-BF4B-00C04F79EFBC}") = "WizardWarServer", "WizardWarServer\WizardWarServer.csproj", "{EF1D53C7-6595-CEA1-7517-4FBA8D9BCF99}"
EndProject
Global
	GlobalSection(SolutionConfigurationPlatforms) = preSolution
		Debug|Any CPU = Debug|Any CPU
		Release|Any CPU = Release|Any CPU
	EndGlobalSection
	GlobalSection(ProjectConfigurationPlatforms) = postSolution
		{EF1D53C7-6595-CEA1-7517-4FBA8D9BCF99}.Debug|Any CPU.ActiveCfg = Debug|Any CPU
		{EF1D53C7-6595-CEA1-7517-4FBA8D9BCF99}.Debug|Any CPU.Build.0 = Debug|Any CPU
		{EF1D53C7-6595-CEA1-7517-4FBA8D9BCF99}.Release|Any CPU.ActiveCfg = Release|Any CPU
		{EF1D53C7-6595-CEA1-7517-4FBA8D9BCF99}.Release|Any CPU.Build.0 = Release|Any CPU
	EndGlobalSection
	GlobalSection(SolutionProperties) = preSolution
		HideSolutionNode = FALSE
	EndGlobalSection
	GlobalSection(ExtensibilityGlobals) = postSolution
		SolutionGuid = {1C5F03BC-F902-4484-9068-4B4D62F4096F}
	EndGlobalSection
EndGlobal
